
Microsoft Visual Studio Solution File, Format Version 12.00
# Visual Studio Version 16
VisualStudioVersion = 16.0.30907.101
MinimumVisualStudioVersion = 10.0.40219.1
Project("{FAE04EC0-301F-11D3-BF4B-00C04F79EFBC}") = "BackTraffic.Api", "BackTraffic.Api\BackTraffic.Api.csproj", "{A9427818-81D1-48EC-A993-C41E08FE30F5}"
EndProject
Global
	GlobalSection(SolutionConfigurationPlatforms) = preSolution
		Debug|Any CPU = Debug|Any CPU
		Release|Any CPU = Release|Any CPU
	EndGlobalSection
	GlobalSection(ProjectConfigurationPlatforms) = postSolution
		{A9427818-81D1-48EC-A993-C41E08FE30F5}.Debug|Any CPU.ActiveCfg = Debug|Any CPU
		{A9427818-81D1-48EC-A993-C41E08FE30F5}.Debug|Any CPU.Build.0 = Debug|Any CPU
		{A9427818-81D1-48EC-A993-C41E08FE30F5}.Release|Any CPU.ActiveCfg = Release|Any CPU
		{A9427818-81D1-48EC-A993-C41E08FE30F5}.Release|Any CPU.Build.0 = Release|Any CPU
	EndGlobalSection
	GlobalSection(SolutionProperties) = preSolution
		HideSolutionNode = FALSE
	EndGlobalSection
	GlobalSection(ExtensibilityGlobals) = postSolution
		SolutionGuid = {121DDC1D-2706-40BC-8066-A36581C44E5B}
	EndGlobalSection
EndGlobal
